
Microsoft Visual Studio Solution File, Format Version 12.00
# Visual Studio Version 16
VisualStudioVersion = 16.0.28729.10
MinimumVisualStudioVersion = 10.0.40219.1
Project("{9A19103F-16F7-4668-BE54-9A1E7A4F7556}") = "genx", "src\genx\genx.csproj", "{BCD130A0-7423-417B-B1FF-1EE42A69508F}"
EndProject
Project("{9A19103F-16F7-4668-BE54-9A1E7A4F7556}") = "GenX.Cli.Core", "src\GenX.Cli.Core\GenX.Cli.Core.csproj", "{756B9158-5DB9-4166-8A44-BC8A7BAB0EED}"
EndProject
Project("{9A19103F-16F7-4668-BE54-9A1E7A4F7556}") = "GenX.Cli.Infrastructure", "src\GenX.Cli.Infrastructure\GenX.Cli.Infrastructure.csproj", "{9AD847FC-C7F9-40F4-ACD1-CD27EE7A1EF8}"
EndProject
Project("{2150E333-8FDC-42A3-9474-1A3956D46DE8}") = "src", "src", "{29C6D979-5E22-4C07-8100-FFB4C4F27D51}"
EndProject
Project("{2150E333-8FDC-42A3-9474-1A3956D46DE8}") = "tests", "tests", "{FA00CA02-C73E-47A6-B798-211B6B6BAFD8}"
EndProject
Project("{9A19103F-16F7-4668-BE54-9A1E7A4F7556}") = "genx-generate.Tests", "src\genx-generate.Tests\genx-generate.Tests.csproj", "{8F32F33A-CBB6-4244-A1FD-DCF84E327BC4}"
EndProject
Project("{9A19103F-16F7-4668-BE54-9A1E7A4F7556}") = "genx-metadata-sqlclient.Tests", "src\genx-metadata-sqlclient.Tests\genx-metadata-sqlclient.Tests.csproj", "{8D109974-37F8-400F-9D16-17C03B226248}"
EndProject
Project("{9A19103F-16F7-4668-BE54-9A1E7A4F7556}") = "GenX.Cli.CommandFactory.Tests", "src\GenX.Cli.CommandFactory.Tests\GenX.Cli.CommandFactory.Tests.csproj", "{903DD36E-64B9-46D1-B516-49EAC162E7B1}"
EndProject
Project("{9A19103F-16F7-4668-BE54-9A1E7A4F7556}") = "genx-metadata-dotnet.Tests", "src\genx-metadata-dotnet.Tests\genx-metadata-dotnet.Tests.csproj", "{A7E1D34B-80D6-465E-889A-02C9DA72A474}"
EndProject
Project("{FAE04EC0-301F-11D3-BF4B-00C04F79EFBC}") = "GenX.Cli.Infrastructure.Tests", "src\GenX.Cli.Infrastructure.Tests\GenX.Cli.Infrastructure.Tests.csproj", "{473F2369-ADD0-4E1F-89BE-562F1E336718}"
EndProject
Project("{FAE04EC0-301F-11D3-BF4B-00C04F79EFBC}") = "GenX.Cli.Tests.Utilities", "src\GenX.Cli.Tests.Utilities\GenX.Cli.Tests.Utilities.csproj", "{94ED22A6-A264-4C42-8BA8-210069582D40}"
EndProject
Global
	GlobalSection(SolutionConfigurationPlatforms) = preSolution
		Debug|Any CPU = Debug|Any CPU
		Release|Any CPU = Release|Any CPU
	EndGlobalSection
	GlobalSection(ProjectConfigurationPlatforms) = postSolution
		{BCD130A0-7423-417B-B1FF-1EE42A69508F}.Debug|Any CPU.ActiveCfg = Debug|Any CPU
		{BCD130A0-7423-417B-B1FF-1EE42A69508F}.Debug|Any CPU.Build.0 = Debug|Any CPU
		{BCD130A0-7423-417B-B1FF-1EE42A69508F}.Release|Any CPU.ActiveCfg = Release|Any CPU
		{BCD130A0-7423-417B-B1FF-1EE42A69508F}.Release|Any CPU.Build.0 = Release|Any CPU
		{756B9158-5DB9-4166-8A44-BC8A7BAB0EED}.Debug|Any CPU.ActiveCfg = Debug|Any CPU
		{756B9158-5DB9-4166-8A44-BC8A7BAB0EED}.Debug|Any CPU.Build.0 = Debug|Any CPU
		{756B9158-5DB9-4166-8A44-BC8A7BAB0EED}.Release|Any CPU.ActiveCfg = Release|Any CPU
		{756B9158-5DB9-4166-8A44-BC8A7BAB0EED}.Release|Any CPU.Build.0 = Release|Any CPU
		{9AD847FC-C7F9-40F4-ACD1-CD27EE7A1EF8}.Debug|Any CPU.ActiveCfg = Debug|Any CPU
		{9AD847FC-C7F9-40F4-ACD1-CD27EE7A1EF8}.Debug|Any CPU.Build.0 = Debug|Any CPU
		{9AD847FC-C7F9-40F4-ACD1-CD27EE7A1EF8}.Release|Any CPU.ActiveCfg = Release|Any CPU
		{9AD847FC-C7F9-40F4-ACD1-CD27EE7A1EF8}.Release|Any CPU.Build.0 = Release|Any CPU
		{8F32F33A-CBB6-4244-A1FD-DCF84E327BC4}.Debug|Any CPU.ActiveCfg = Debug|Any CPU
		{8F32F33A-CBB6-4244-A1FD-DCF84E327BC4}.Debug|Any CPU.Build.0 = Debug|Any CPU
		{8F32F33A-CBB6-4244-A1FD-DCF84E327BC4}.Release|Any CPU.ActiveCfg = Release|Any CPU
		{8F32F33A-CBB6-4244-A1FD-DCF84E327BC4}.Release|Any CPU.Build.0 = Release|Any CPU
		{8D109974-37F8-400F-9D16-17C03B226248}.Debug|Any CPU.ActiveCfg = Debug|Any CPU
		{8D109974-37F8-400F-9D16-17C03B226248}.Debug|Any CPU.Build.0 = Debug|Any CPU
		{8D109974-37F8-400F-9D16-17C03B226248}.Release|Any CPU.ActiveCfg = Release|Any CPU
		{8D109974-37F8-400F-9D16-17C03B226248}.Release|Any CPU.Build.0 = Release|Any CPU
		{903DD36E-64B9-46D1-B516-49EAC162E7B1}.Debug|Any CPU.ActiveCfg = Debug|Any CPU
		{903DD36E-64B9-46D1-B516-49EAC162E7B1}.Debug|Any CPU.Build.0 = Debug|Any CPU
		{903DD36E-64B9-46D1-B516-49EAC162E7B1}.Release|Any CPU.ActiveCfg = Release|Any CPU
		{903DD36E-64B9-46D1-B516-49EAC162E7B1}.Release|Any CPU.Build.0 = Release|Any CPU
		{A7E1D34B-80D6-465E-889A-02C9DA72A474}.Debug|Any CPU.ActiveCfg = Debug|Any CPU
		{A7E1D34B-80D6-465E-889A-02C9DA72A474}.Debug|Any CPU.Build.0 = Debug|Any CPU
		{A7E1D34B-80D6-465E-889A-02C9DA72A474}.Release|Any CPU.ActiveCfg = Release|Any CPU
		{A7E1D34B-80D6-465E-889A-02C9DA72A474}.Release|Any CPU.Build.0 = Release|Any CPU
		{473F2369-ADD0-4E1F-89BE-562F1E336718}.Debug|Any CPU.ActiveCfg = Debug|Any CPU
		{473F2369-ADD0-4E1F-89BE-562F1E336718}.Debug|Any CPU.Build.0 = Debug|Any CPU
		{473F2369-ADD0-4E1F-89BE-562F1E336718}.Release|Any CPU.ActiveCfg = Release|Any CPU
		{473F2369-ADD0-4E1F-89BE-562F1E336718}.Release|Any CPU.Build.0 = Release|Any CPU
		{94ED22A6-A264-4C42-8BA8-210069582D40}.Debug|Any CPU.ActiveCfg = Debug|Any CPU
		{94ED22A6-A264-4C42-8BA8-210069582D40}.Debug|Any CPU.Build.0 = Debug|Any CPU
		{94ED22A6-A264-4C42-8BA8-210069582D40}.Release|Any CPU.ActiveCfg = Release|Any CPU
		{94ED22A6-A264-4C42-8BA8-210069582D40}.Release|Any CPU.Build.0 = Release|Any CPU
	EndGlobalSection
	GlobalSection(SolutionProperties) = preSolution
		HideSolutionNode = FALSE
	EndGlobalSection
	GlobalSection(NestedProjects) = preSolution
		{BCD130A0-7423-417B-B1FF-1EE42A69508F} = {29C6D979-5E22-4C07-8100-FFB4C4F27D51}
		{756B9158-5DB9-4166-8A44-BC8A7BAB0EED} = {29C6D979-5E22-4C07-8100-FFB4C4F27D51}
		{9AD847FC-C7F9-40F4-ACD1-CD27EE7A1EF8} = {29C6D979-5E22-4C07-8100-FFB4C4F27D51}
		{8F32F33A-CBB6-4244-A1FD-DCF84E327BC4} = {FA00CA02-C73E-47A6-B798-211B6B6BAFD8}
		{8D109974-37F8-400F-9D16-17C03B226248} = {FA00CA02-C73E-47A6-B798-211B6B6BAFD8}
		{903DD36E-64B9-46D1-B516-49EAC162E7B1} = {FA00CA02-C73E-47A6-B798-211B6B6BAFD8}
		{A7E1D34B-80D6-465E-889A-02C9DA72A474} = {FA00CA02-C73E-47A6-B798-211B6B6BAFD8}
		{473F2369-ADD0-4E1F-89BE-562F1E336718} = {FA00CA02-C73E-47A6-B798-211B6B6BAFD8}
		{94ED22A6-A264-4C42-8BA8-210069582D40} = {FA00CA02-C73E-47A6-B798-211B6B6BAFD8}
	EndGlobalSection
	GlobalSection(ExtensibilityGlobals) = postSolution
		SolutionGuid = {9EC4885D-0631-4492-9D7C-F3106AFD42BD}
	EndGlobalSection
EndGlobal
